{
  "name": "tg-webapp",
  "version": "1.0.0",
  "lockfileVersion": 2,
  "requires": true,
  "packages": {
    "": {
      "name": "tg-webapp",
      "version": "1.0.0",
      "license": "ISC",
      "dependencies": {
        "telegram-webapps-types": "^1.0.2"
      }
    },
    "node_modules/telegram-webapps-types": {
      "version": "1.0.2",
      "resolved": "https://registry.npmjs.org/telegram-webapps-types/-/telegram-webapps-types-1.0.2.tgz",
      "integrity": "sha512-Eo8sIR5MguXCFvrS5e8oPnINBPgpjtaj5WVLt/O2PwdtZIrrTq9o2+d3Fney21OB4WBB1T5jFaj052gnFzz2Lg=="
    }
  },
  "dependencies": {
    "telegram-webapps-types": {
      "version": "1.0.2",
      "resolved": "https://registry.npmjs.org/telegram-webapps-types/-/telegram-webapps-types-1.0.2.tgz",
      "integrity": "sha512-Eo8sIR5MguXCFvrS5e8oPnINBPgpjtaj5WVLt/O2PwdtZIrrTq9o2+d3Fney21OB4WBB1T5jFaj052gnFzz2Lg=="
    }
  }
}
